// !$*UTF8*$!
{
	archiveVersion = 1;
	classes = {
	};
	objectVersion = 50;
	objects = {

/* Begin PBXBuildFile section */
		D551AE55207718E000B38040 /* AppDelegate.swift in Sources */ = {isa = PBXBuildFile; fileRef = D551AE54207718E000B38040 /* AppDelegate.swift */; };
		D551AE57207718E000B38040 /* art.scnassets in Resources */ = {isa = PBXBuildFile; fileRef = D551AE56207718E000B38040 /* art.scnassets */; };
		D551AE59207718E000B38040 /* ViewController.swift in Sources */ = {isa = PBXBuildFile; fileRef = D551AE58207718E000B38040 /* ViewController.swift */; };
		D551AE5C207718E000B38040 /* Main.storyboard in Resources */ = {isa = PBXBuildFile; fileRef = D551AE5A207718E000B38040 /* Main.storyboard */; };
		D551AE5E207718E100B38040 /* Assets.xcassets in Resources */ = {isa = PBXBuildFile; fileRef = D551AE5D207718E100B38040 /* Assets.xcassets */; };
		D551AE61207718E100B38040 /* LaunchScreen.storyboard in Resources */ = {isa = PBXBuildFile; fileRef = D551AE5F207718E100B38040 /* LaunchScreen.storyboard */; };
		D551AE6C207718E200B38040 /* donutTests.swift in Sources */ = {isa = PBXBuildFile; fileRef = D551AE6B207718E200B38040 /* donutTests.swift */; };
		D551AE77207718E200B38040 /* donutUITests.swift in Sources */ = {isa = PBXBuildFile; fileRef = D551AE76207718E200B38040 /* donutUITests.swift */; };
/* End PBXBuildFile section */

/* Begin PBXContainerItemProxy section */
		D551AE68207718E200B38040 /* PBXContainerItemProxy */ = {
			isa = PBXContainerItemProxy;
			containerPortal = D551AE49207718E000B38040 /* Project object */;
			proxyType = 1;
			remoteGlobalIDString = D551AE50207718E000B38040;
			remoteInfo = donut;
		};
		D551AE73207718E200B38040 /* PBXContainerItemProxy */ = {
			isa = PBXContainerItemProxy;
			containerPortal = D551AE49207718E000B38040 /* Project object */;
			proxyType = 1;
			remoteGlobalIDString = D551AE50207718E000B38040;
			remoteInfo = donut;
		};
/* End PBXContainerItemProxy section */

/* Begin PBXFileReference section */
		D551AE51207718E000B38040 /* donut.app */ = {isa = PBXFileReference; explicitFileType = wrapper.application; includeInIndex = 0; path = donut.app; sourceTree = BUILT_PRODUCTS_DIR; };
		D551AE54207718E000B38040 /* AppDelegate.swift */ = {isa = PBXFileReference; lastKnownFileType = sourcecode.swift; path = AppDelegate.swift; sourceTree = "<group>"; };
		D551AE56207718E000B38040 /* art.scnassets */ = {isa = PBXFileReference; lastKnownFileType = wrapper.scnassets; path = art.scnassets; sourceTree = "<group>"; };
		D551AE58207718E000B38040 /* ViewController.swift */ = {isa = PBXFileReference; lastKnownFileType = sourcecode.swift; path = ViewController.swift; sourceTree = "<group>"; };
		D551AE5B207718E000B38040 /* Base */ = {isa = PBXFileReference; lastKnownFileType = file.storyboard; name = Base; path = Base.lproj/Main.storyboard; sourceTree = "<group>"; };
		D551AE5D207718E100B38040 /* Assets.xcassets */ = {isa = PBXFileReference; lastKnownFileType = folder.assetcatalog; path = Assets.xcassets; sourceTree = "<group>"; };
		D551AE60207718E100B38040 /* Base */ = {isa = PBXFileReference; lastKnownFileType = file.storyboard; name = Base; path = Base.lproj/LaunchScreen.storyboard; sourceTree = "<group>"; };
		D551AE62207718E200B38040 /* Info.plist */ = {isa = PBXFileReference; lastKnownFileType = text.plist.xml; path = Info.plist; sourceTree = "<group>"; };
		D551AE67207718E200B38040 /* donutTests.xctest */ = {isa = PBXFileReference; explicitFileType = wrapper.cfbundle; includeInIndex = 0; path = donutTests.xctest; sourceTree = BUILT_PRODUCTS_DIR; };
		D551AE6B207718E200B38040 /* donutTests.swift */ = {isa = PBXFileReference; lastKnownFileType = sourcecode.swift; path = donutTests.swift; sourceTree = "<group>"; };
		D551AE6D207718E200B38040 /* Info.plist */ = {isa = PBXFileReference; lastKnownFileType = text.plist.xml; path = Info.plist; sourceTree = "<group>"; };
		D551AE72207718E200B38040 /* donutUITests.xctest */ = {isa = PBXFileReference; explicitFileType = wrapper.cfbundle; includeInIndex = 0; path = donutUITests.xctest; sourceTree = BUILT_PRODUCTS_DIR; };
		D551AE76207718E200B38040 /* donutUITests.swift */ = {isa = PBXFileReference; lastKnownFileType = sourcecode.swift; path = donutUITests.swift; sourceTree = "<group>"; };
		D551AE78207718E200B38040 /* Info.plist */ = {isa = PBXFileReference; lastKnownFileType = text.plist.xml; path = Info.plist; sourceTree = "<group>"; };
/* End PBXFileReference section */

/* Begin PBXFrameworksBuildPhase section */
		D551AE4E207718E000B38040 /* Frameworks */ = {
			isa = PBXFrameworksBuildPhase;
			buildActionMask = 2147483647;
			files = (
			);
			runOnlyForDeploymentPostprocessing = 0;
		};
		D551AE64207718E200B38040 /* Frameworks */ = {
			isa = PBXFrameworksBuildPhase;
			buildActionMask = 2147483647;
			files = (
			);
			runOnlyForDeploymentPostprocessing = 0;
		};
		D551AE6F207718E200B38040 /* Frameworks */ = {
			isa = PBXFrameworksBuildPhase;
			buildActionMask = 2147483647;
			files = (
			);
			runOnlyForDeploymentPostprocessing = 0;
		};
/* End PBXFrameworksBuildPhase section */

/* Begin PBXGroup section */
		D551AE48207718E000B38040 = {
			isa = PBXGroup;
			children = (
				D551AE53207718E000B38040 /* donut */,
				D551AE6A207718E200B38040 /* donutTests */,
				D551AE75207718E200B38040 /* donutUITests */,
				D551AE52207718E000B38040 /* Products */,
			);
			sourceTree = "<group>";
		};
		D551AE52207718E000B38040 /* Products */ = {
			isa = PBXGroup;
			children = (
				D551AE51207718E000B38040 /* donut.app */,
				D551AE67207718E200B38040 /* donutTests.xctest */,
				D551AE72207718E200B38040 /* donutUITests.xctest */,
			);
			name = Products;
			sourceTree = "<group>";
		};
		D551AE53207718E000B38040 /* donut */ = {
			isa = PBXGroup;
			children = (
				D551AE54207718E000B38040 /* AppDelegate.swift */,
				D551AE56207718E000B38040 /* art.scnassets */,
				D551AE58207718E000B38040 /* ViewController.swift */,
				D551AE5A207718E000B38040 /* Main.storyboard */,
				D551AE5D207718E100B38040 /* Assets.xcassets */,
				D551AE5F207718E100B38040 /* LaunchScreen.storyboard */,
				D551AE62207718E200B38040 /* Info.plist */,
			);
			path = donut;
			sourceTree = "<group>";
		};
		D551AE6A207718E200B38040 /* donutTests */ = {
			isa = PBXGroup;
			children = (
				D551AE6B207718E200B38040 /* donutTests.swift */,
				D551AE6D207718E200B38040 /* Info.plist */,
			);
			path = donutTests;
			sourceTree = "<group>";
		};
		D551AE75207718E200B38040 /* donutUITests */ = {
			isa = PBXGroup;
			children = (
				D551AE76207718E200B38040 /* donutUITests.swift */,
				D551AE78207718E200B38040 /* Info.plist */,
			);
			path = donutUITests;
			sourceTree = "<group>";
		};
/* End PBXGroup section */

/* Begin PBXNativeTarget section */
		D551AE50207718E000B38040 /* donut */ = {
			isa = PBXNativeTarget;
			buildConfigurationList = D551AE7B207718E200B38040 /* Build configuration list for PBXNativeTarget "donut" */;
			buildPhases = (
				D551AE4D207718E000B38040 /* Sources */,
				D551AE4E207718E000B38040 /* Frameworks */,
				D551AE4F207718E000B38040 /* Resources */,
			);
			buildRules = (
			);
			dependencies = (
			);
			name = donut;
			productName = donut;
			productReference = D551AE51207718E000B38040 /* donut.app */;
			productType = "com.apple.product-type.application";
		};
		D551AE66207718E200B38040 /* donutTests */ = {
			isa = PBXNativeTarget;
			buildConfigurationList = D551AE7E207718E200B38040 /* Build configuration list for PBXNativeTarget "donutTests" */;
			buildPhases = (
				D551AE63207718E200B38040 /* Sources */,
				D551AE64207718E200B38040 /* Frameworks */,
				D551AE65207718E200B38040 /* Resources */,
			);
			buildRules = (
			);
			dependencies = (
				D551AE69207718E200B38040 /* PBXTargetDependency */,
			);
			name = donutTests;
			productName = donutTests;
			productReference = D551AE67207718E200B38040 /* donutTests.xctest */;
			productType = "com.apple.product-type.bundle.unit-test";
		};
		D551AE71207718E200B38040 /* donutUITests */ = {
			isa = PBXNativeTarget;
			buildConfigurationList = D551AE81207718E200B38040 /* Build configuration list for PBXNativeTarget "donutUITests" */;
			buildPhases = (
				D551AE6E207718E200B38040 /* Sources */,
				D551AE6F207718E200B38040 /* Frameworks */,
				D551AE70207718E200B38040 /* Resources */,
			);
			buildRules = (
			);
			dependencies = (
				D551AE74207718E200B38040 /* PBXTargetDependency */,
			);
			name = donutUITests;
			productName = donutUITests;
			productReference = D551AE72207718E200B38040 /* donutUITests.xctest */;
			productType = "com.apple.product-type.bundle.ui-testing";
		};
/* End PBXNativeTarget section */

/* Begin PBXProject section */
		D551AE49207718E000B38040 /* Project object */ = {
			isa = PBXProject;
			attributes = {
				LastSwiftUpdateCheck = 0930;
				LastUpgradeCheck = 0930;
				ORGANIZATIONNAME = "Sierra Moore";
				TargetAttributes = {
					D551AE50207718E000B38040 = {
						CreatedOnToolsVersion = 9.3;
					};
					D551AE66207718E200B38040 = {
						CreatedOnToolsVersion = 9.3;
						TestTargetID = D551AE50207718E000B38040;
					};
					D551AE71207718E200B38040 = {
						CreatedOnToolsVersion = 9.3;
						TestTargetID = D551AE50207718E000B38040;
					};
				};
			};
			buildConfigurationList = D551AE4C207718E000B38040 /* Build configuration list for PBXProject "donut" */;
			compatibilityVersion = "Xcode 9.3";
			developmentRegion = en;
			hasScannedForEncodings = 0;
			knownRegions = (
				en,
				Base,
			);
			mainGroup = D551AE48207718E000B38040;
			productRefGroup = D551AE52207718E000B38040 /* Products */;
			projectDirPath = "";
			projectRoot = "";
			targets = (
				D551AE50207718E000B38040 /* donut */,
				D551AE66207718E200B38040 /* donutTests */,
				D551AE71207718E200B38040 /* donutUITests */,
			);
		};
/* End PBXProject section */

/* Begin PBXResourcesBuildPhase section */
		D551AE4F207718E000B38040 /* Resources */ = {
			isa = PBXResourcesBuildPhase;
			buildActionMask = 2147483647;
			files = (
				D551AE57207718E000B38040 /* art.scnassets in Resources */,
				D551AE61207718E100B38040 /* LaunchScreen.storyboard in Resources */,
				D551AE5E207718E100B38040 /* Assets.xcassets in Resources */,
				D551AE5C207718E000B38040 /* Main.storyboard in Resources */,
			);
			runOnlyForDeploymentPostprocessing = 0;
		};
		D551AE65207718E200B38040 /* Resources */ = {
			isa = PBXResourcesBuildPhase;
			buildActionMask = 2147483647;
			files = (
			);
			runOnlyForDeploymentPostprocessing = 0;
		};
		D551AE70207718E200B38040 /* Resources */ = {
			isa = PBXResourcesBuildPhase;
			buildActionMask = 2147483647;
			files = (
			);
			runOnlyForDeploymentPostprocessing = 0;
		};
/* End PBXResourcesBuildPhase section */

/* Begin PBXSourcesBuildPhase section */
		D551AE4D207718E000B38040 /* Sources */ = {
			isa = PBXSourcesBuildPhase;
			buildActionMask = 2147483647;
			files = (
				D551AE59207718E000B38040 /* ViewController.swift in Sources */,
				D551AE55207718E000B38040 /* AppDelegate.swift in Sources */,
			);
			runOnlyForDeploymentPostprocessing = 0;
		};
		D551AE63207718E200B38040 /* Sources */ = {
			isa = PBXSourcesBuildPhase;
			buildActionMask = 2147483647;
			files = (
				D551AE6C207718E200B38040 /* donutTests.swift in Sources */,
			);
			runOnlyForDeploymentPostprocessing = 0;
		};
		D551AE6E207718E200B38040 /* Sources */ = {
			isa = PBXSourcesBuildPhase;
			buildActionMask = 2147483647;
			files = (
				D551AE77207718E200B38040 /* donutUITests.swift in Sources */,
			);
			runOnlyForDeploymentPostprocessing = 0;
		};
/* End PBXSourcesBuildPhase section */

/* Begin PBXTargetDependency section */
		D551AE69207718E200B38040 /* PBXTargetDependency */ = {
			isa = PBXTargetDependency;
			target = D551AE50207718E000B38040 /* donut */;
			targetProxy = D551AE68207718E200B38040 /* PBXContainerItemProxy */;
		};
		D551AE74207718E200B38040 /* PBXTargetDependency */ = {
			isa = PBXTargetDependency;
			target = D551AE50207718E000B38040 /* donut */;
			targetProxy = D551AE73207718E200B38040 /* PBXContainerItemProxy */;
		};
/* End PBXTargetDependency section */

/* Begin PBXVariantGroup section */
		D551AE5A207718E000B38040 /* Main.storyboard */ = {
			isa = PBXVariantGroup;
			children = (
				D551AE5B207718E000B38040 /* Base */,
			);
			name = Main.storyboard;
			sourceTree = "<group>";
		};
		D551AE5F207718E100B38040 /* LaunchScreen.storyboard */ = {
			isa = PBXVariantGroup;
			children = (
				D551AE60207718E100B38040 /* Base */,
			);
			name = LaunchScreen.storyboard;
			sourceTree = "<group>";
		};
/* End PBXVariantGroup section */

/* Begin XCBuildConfiguration section */
		D551AE79207718E200B38040 /* Debug */ = {
			isa = XCBuildConfiguration;
			buildSettings = {
				ALWAYS_SEARCH_USER_PATHS = NO;
				CLANG_ANALYZER_NONNULL = YES;
				CLANG_ANALYZER_NUMBER_OBJECT_CONVERSION = YES_AGGRESSIVE;
				CLANG_CXX_LANGUAGE_STANDARD = "gnu++14";
				CLANG_CXX_LIBRARY = "libc++";
				CLANG_ENABLE_MODULES = YES;
				CLANG_ENABLE_OBJC_ARC = YES;
				CLANG_ENABLE_OBJC_WEAK = YES;
				CLANG_WARN_BLOCK_CAPTURE_AUTORELEASING = YES;
				CLANG_WARN_BOOL_CONVERSION = YES;
				CLANG_WARN_COMMA = YES;
				CLANG_WARN_CONSTANT_CONVERSION = YES;
				CLANG_WARN_DEPRECATED_OBJC_IMPLEMENTATIONS = YES;
				CLANG_WARN_DIRECT_OBJC_ISA_USAGE = YES_ERROR;
				CLANG_WARN_DOCUMENTATION_COMMENTS = YES;
				CLANG_WARN_EMPTY_BODY = YES;
				CLANG_WARN_ENUM_CONVERSION = YES;
				CLANG_WARN_INFINITE_RECURSION = YES;
				CLANG_WARN_INT_CONVERSION = YES;
				CLANG_WARN_NON_LITERAL_NULL_CONVERSION = YES;
				CLANG_WARN_OBJC_IMPLICIT_RETAIN_SELF = YES;
				CLANG_WARN_OBJC_LITERAL_CONVERSION = YES;
				CLANG_WARN_OBJC_ROOT_CLASS = YES_ERROR;
				CLANG_WARN_RANGE_LOOP_ANALYSIS = YES;
				CLANG_WARN_STRICT_PROTOTYPES = YES;
				CLANG_WARN_SUSPICIOUS_MOVE = YES;
				CLANG_WARN_UNGUARDED_AVAILABILITY = YES_AGGRESSIVE;
				CLANG_WARN_UNREACHABLE_CODE = YES;
				CLANG_WARN__DUPLICATE_METHOD_MATCH = YES;
				CODE_SIGN_IDENTITY = "iPhone Developer";
				COPY_PHASE_STRIP = NO;
				DEBUG_INFORMATION_FORMAT = dwarf;
				ENABLE_STRICT_OBJC_MSGSEND = YES;
				ENABLE_TESTABILITY = YES;
				GCC_C_LANGUAGE_STANDARD = gnu11;
				GCC_DYNAMIC_NO_PIC = NO;
				GCC_NO_COMMON_BLOCKS = YES;
				GCC_OPTIMIZATION_LEVEL = 0;
				GCC_PREPROCESSOR_DEFINITIONS = (
					"DEBUG=1",
					"$(inherited)",
				);
				GCC_WARN_64_TO_32_BIT_CONVERSION = YES;
				GCC_WARN_ABOUT_RETURN_TYPE = YES_ERROR;
				GCC_WARN_UNDECLARED_SELECTOR = YES;
				GCC_WARN_UNINITIALIZED_AUTOS = YES_AGGRESSIVE;
				GCC_WARN_UNUSED_FUNCTION = YES;
				GCC_WARN_UNUSED_VARIABLE = YES;
				IPHONEOS_DEPLOYMENT_TARGET = 11.3;
				MTL_ENABLE_DEBUG_INFO = YES;
				ONLY_ACTIVE_ARCH = YES;
				SDKROOT = iphoneos;
				SWIFT_ACTIVE_COMPILATION_CONDITIONS = DEBUG;
				SWIFT_OPTIMIZATION_LEVEL = "-Onone";
			};
			name = Debug;
		};
		D551AE7A207718E200B38040 /* Release */ = {
			isa = XCBuildConfiguration;
			buildSettings = {
				ALWAYS_SEARCH_USER_PATHS = NO;
				CLANG_ANALYZER_NONNULL = YES;
				CLANG_ANALYZER_NUMBER_OBJECT_CONVERSION = YES_AGGRESSIVE;
				CLANG_CXX_LANGUAGE_STANDARD = "gnu++14";
				CLANG_CXX_LIBRARY = "libc++";
				CLANG_ENABLE_MODULES = YES;
				CLANG_ENABLE_OBJC_ARC = YES;
				CLANG_ENABLE_OBJC_WEAK = YES;
				CLANG_WARN_BLOCK_CAPTURE_AUTORELEASING = YES;
				CLANG_WARN_BOOL_CONVERSION = YES;
				CLANG_WARN_COMMA = YES;
				CLANG_WARN_CONSTANT_CONVERSION = YES;
				CLANG_WARN_DEPRECATED_OBJC_IMPLEMENTATIONS = YES;
				CLANG_WARN_DIRECT_OBJC_ISA_USAGE = YES_ERROR;
				CLANG_WARN_DOCUMENTATION_COMMENTS = YES;
				CLANG_WARN_EMPTY_BODY = YES;
				CLANG_WARN_ENUM_CONVERSION = YES;
				CLANG_WARN_INFINITE_RECURSION = YES;
				CLANG_WARN_INT_CONVERSION = YES;
				CLANG_WARN_NON_LITERAL_NULL_CONVERSION = YES;
				CLANG_WARN_OBJC_IMPLICIT_RETAIN_SELF = YES;
				CLANG_WARN_OBJC_LITERAL_CONVERSION = YES;
				CLANG_WARN_OBJC_ROOT_CLASS = YES_ERROR;
				CLANG_WARN_RANGE_LOOP_ANALYSIS = YES;
				CLANG_WARN_STRICT_PROTOTYPES = YES;
				CLANG_WARN_SUSPICIOUS_MOVE = YES;
				CLANG_WARN_UNGUARDED_AVAILABILITY = YES_AGGRESSIVE;
				CLANG_WARN_UNREACHABLE_CODE = YES;
				CLANG_WARN__DUPLICATE_METHOD_MATCH = YES;
				CODE_SIGN_IDENTITY = "iPhone Developer";
				COPY_PHASE_STRIP = NO;
				DEBUG_INFORMATION_FORMAT = "dwarf-with-dsym";
				ENABLE_NS_ASSERTIONS = NO;
				ENABLE_STRICT_OBJC_MSGSEND = YES;
				GCC_C_LANGUAGE_STANDARD = gnu11;
				GCC_NO_COMMON_BLOCKS = YES;
				GCC_WARN_64_TO_32_BIT_CONVERSION = YES;
				GCC_WARN_ABOUT_RETURN_TYPE = YES_ERROR;
				GCC_WARN_UNDECLARED_SELECTOR = YES;
				GCC_WARN_UNINITIALIZED_AUTOS = YES_AGGRESSIVE;
				GCC_WARN_UNUSED_FUNCTION = YES;
				GCC_WARN_UNUSED_VARIABLE = YES;
				IPHONEOS_DEPLOYMENT_TARGET = 11.3;
				MTL_ENABLE_DEBUG_INFO = NO;
				SDKROOT = iphoneos;
				SWIFT_COMPILATION_MODE = wholemodule;
				SWIFT_OPTIMIZATION_LEVEL = "-O";
				VALIDATE_PRODUCT = YES;
			};
			name = Release;
		};
		D551AE7C207718E200B38040 /* Debug */ = {
			isa = XCBuildConfiguration;
			buildSettings = {
				ASSETCATALOG_COMPILER_APPICON_NAME = AppIcon;
				CODE_SIGN_STYLE = Automatic;
				DEVELOPMENT_TEAM = BRNNRRYKDC;
				INFOPLIST_FILE = donut/Info.plist;
				IPHONEOS_DEPLOYMENT_TARGET = 11.3;
				LD_RUNPATH_SEARCH_PATHS = (
					"$(inherited)",
					"@executable_path/Frameworks",
				);
				PRODUCT_BUNDLE_IDENTIFIER = "sierra.v.moore-gmail.com";
				PRODUCT_NAME = "$(TARGET_NAME)";
				SWIFT_VERSION = 4.0;
				TARGETED_DEVICE_FAMILY = "1,2";
			};
			name = Debug;
		};
		D551AE7D207718E200B38040 /* Release */ = {
			isa = XCBuildConfiguration;
			buildSettings = {
				ASSETCATALOG_COMPILER_APPICON_NAME = AppIcon;
				CODE_SIGN_STYLE = Automatic;
				DEVELOPMENT_TEAM = BRNNRRYKDC;
				INFOPLIST_FILE = donut/Info.plist;
				IPHONEOS_DEPLOYMENT_TARGET = 11.3;
				LD_RUNPATH_SEARCH_PATHS = (
					"$(inherited)",
					"@executable_path/Frameworks",
				);
				PRODUCT_BUNDLE_IDENTIFIER = "sierra.v.moore-gmail.com";
				PRODUCT_NAME = "$(TARGET_NAME)";
				SWIFT_VERSION = 4.0;
				TARGETED_DEVICE_FAMILY = "1,2";
			};
			name = Release;
		};
		D551AE7F207718E200B38040 /* Debug */ = {
			isa = XCBuildConfiguration;
			buildSettings = {
				ALWAYS_EMBED_SWIFT_STANDARD_LIBRARIES = YES;
				BUNDLE_LOADER = "$(TEST_HOST)";
				CODE_SIGN_STYLE = Automatic;
				INFOPLIST_FILE = donutTests/Info.plist;
				LD_RUNPATH_SEARCH_PATHS = (
					"$(inherited)",
					"@executable_path/Frameworks",
					"@loader_path/Frameworks",
				);
				PRODUCT_BUNDLE_IDENTIFIER = sierra.donutTests;
				PRODUCT_NAME = "$(TARGET_NAME)";
				SWIFT_VERSION = 4.0;
				TARGETED_DEVICE_FAMILY = "1,2";
				TEST_HOST = "$(BUILT_PRODUCTS_DIR)/donut.app/donut";
			};
			name = Debug;
		};
		D551AE80207718E200B38040 /* Release */ = {
			isa = XCBuildConfiguration;
			buildSettings = {
				ALWAYS_EMBED_SWIFT_STANDARD_LIBRARIES = YES;
				BUNDLE_LOADER = "$(TEST_HOST)";
				CODE_SIGN_STYLE = Automatic;
				INFOPLIST_FILE = donutTests/Info.plist;
				LD_RUNPATH_SEARCH_PATHS = (
					"$(inherited)",
					"@executable_path/Frameworks",
					"@loader_path/Frameworks",
				);
				PRODUCT_BUNDLE_IDENTIFIER = sierra.donutTests;
				PRODUCT_NAME = "$(TARGET_NAME)";
				SWIFT_VERSION = 4.0;
				TARGETED_DEVICE_FAMILY = "1,2";
				TEST_HOST = "$(BUILT_PRODUCTS_DIR)/donut.app/donut";
			};
			name = Release;
		};
		D551AE82207718E200B38040 /* Debug */ = {
			isa = XCBuildConfiguration;
			buildSettings = {
				ALWAYS_EMBED_SWIFT_STANDARD_LIBRARIES = YES;
				CODE_SIGN_STYLE = Automatic;
				INFOPLIST_FILE = donutUITests/Info.plist;
				LD_RUNPATH_SEARCH_PATHS = (
					"$(inherited)",
					"@executable_path/Frameworks",
					"@loader_path/Frameworks",
				);
				PRODUCT_BUNDLE_IDENTIFIER = sierra.donutUITests;
				PRODUCT_NAME = "$(TARGET_NAME)";
				SWIFT_VERSION = 4.0;
				TARGETED_DEVICE_FAMILY = "1,2";
				TEST_TARGET_NAME = donut;
			};
			name = Debug;
		};
		D551AE83207718E200B38040 /* Release */ = {
			isa = XCBuildConfiguration;
			buildSettings = {
				ALWAYS_EMBED_SWIFT_STANDARD_LIBRARIES = YES;
				CODE_SIGN_STYLE = Automatic;
				INFOPLIST_FILE = donutUITests/Info.plist;
				LD_RUNPATH_SEARCH_PATHS = (
					"$(inherited)",
					"@executable_path/Frameworks",
					"@loader_path/Frameworks",
				);
				PRODUCT_BUNDLE_IDENTIFIER = sierra.donutUITests;
				PRODUCT_NAME = "$(TARGET_NAME)";
				SWIFT_VERSION = 4.0;
				TARGETED_DEVICE_FAMILY = "1,2";
				TEST_TARGET_NAME = donut;
			};
			name = Release;
		};
/* End XCBuildConfiguration section */

/* Begin XCConfigurationList section */
		D551AE4C207718E000B38040 /* Build configuration list for PBXProject "donut" */ = {
			isa = XCConfigurationList;
			buildConfigurations = (
				D551AE79207718E200B38040 /* Debug */,
				D551AE7A207718E200B38040 /* Release */,
			);
			defaultConfigurationIsVisible = 0;
			defaultConfigurationName = Release;
		};
		D551AE7B207718E200B38040 /* Build configuration list for PBXNativeTarget "donut" */ = {
			isa = XCConfigurationList;
			buildConfigurations = (
				D551AE7C207718E200B38040 /* Debug */,
				D551AE7D207718E200B38040 /* Release */,
			);
			defaultConfigurationIsVisible = 0;
			defaultConfigurationName = Release;
		};
		D551AE7E207718E200B38040 /* Build configuration list for PBXNativeTarget "donutTests" */ = {
			isa = XCConfigurationList;
			buildConfigurations = (
				D551AE7F207718E200B38040 /* Debug */,
				D551AE80207718E200B38040 /* Release */,
			);
			defaultConfigurationIsVisible = 0;
			defaultConfigurationName = Release;
		};
		D551AE81207718E200B38040 /* Build configuration list for PBXNativeTarget "donutUITests" */ = {
			isa = XCConfigurationList;
			buildConfigurations = (
				D551AE82207718E200B38040 /* Debug */,
				D551AE83207718E200B38040 /* Release */,
			);
			defaultConfigurationIsVisible = 0;
			defaultConfigurationName = Release;
		};
/* End XCConfigurationList section */
	};
	rootObject = D551AE49207718E000B38040 /* Project object */;
}
